// !$*UTF8*$!
{
	archiveVersion = 1;
	classes = {
	};
	objectVersion = 46;
	objects = {

/* Begin PBXBuildFile section */
		809B2A90F772400D965C235D /* libPods.a in Frameworks */ = {isa = PBXBuildFile; fileRef = 4AD944E24895463E81F67C26 /* libPods.a */; };
		BA8F751719CAF88500A08EB3 /* AppDelegate.swift in Sources */ = {isa = PBXBuildFile; fileRef = BA8F751619CAF88500A08EB3 /* AppDelegate.swift */; };
		BA8F751C19CAF88500A08EB3 /* Main.storyboard in Resources */ = {isa = PBXBuildFile; fileRef = BA8F751A19CAF88500A08EB3 /* Main.storyboard */; };
		BA8F751E19CAF88500A08EB3 /* Images.xcassets in Resources */ = {isa = PBXBuildFile; fileRef = BA8F751D19CAF88500A08EB3 /* Images.xcassets */; };
		BA8F752119CAF88500A08EB3 /* LaunchScreen.xib in Resources */ = {isa = PBXBuildFile; fileRef = BA8F751F19CAF88500A08EB3 /* LaunchScreen.xib */; };
		BA8F752D19CAF88500A08EB3 /* YelpTests.swift in Sources */ = {isa = PBXBuildFile; fileRef = BA8F752C19CAF88500A08EB3 /* YelpTests.swift */; };
		BA8F753719CAF9E800A08EB3 /* YelpViewController.swift in Sources */ = {isa = PBXBuildFile; fileRef = BA8F753619CAF9E800A08EB3 /* YelpViewController.swift */; };
		BA8F753919CAFA1C00A08EB3 /* RestaurantTableViewCell.swift in Sources */ = {isa = PBXBuildFile; fileRef = BA8F753819CAFA1C00A08EB3 /* RestaurantTableViewCell.swift */; };
		BA9B3B7519CB208E00026ABE /* YelpClient.m in Sources */ = {isa = PBXBuildFile; fileRef = BA9B3B7419CB208E00026ABE /* YelpClient.m */; };
/* End PBXBuildFile section */

/* Begin PBXContainerItemProxy section */
		BA8F752719CAF88500A08EB3 /* PBXContainerItemProxy */ = {
			isa = PBXContainerItemProxy;
			containerPortal = BA8F750919CAF88400A08EB3 /* Project object */;
			proxyType = 1;
			remoteGlobalIDString = BA8F751019CAF88400A08EB3;
			remoteInfo = Yelp;
		};
/* End PBXContainerItemProxy section */

/* Begin PBXFileReference section */
		4AD944E24895463E81F67C26 /* libPods.a */ = {isa = PBXFileReference; explicitFileType = archive.ar; includeInIndex = 0; path = libPods.a; sourceTree = BUILT_PRODUCTS_DIR; };
		BA8F751119CAF88500A08EB3 /* Yelp.app */ = {isa = PBXFileReference; explicitFileType = wrapper.application; includeInIndex = 0; path = Yelp.app; sourceTree = BUILT_PRODUCTS_DIR; };
		BA8F751519CAF88500A08EB3 /* Info.plist */ = {isa = PBXFileReference; lastKnownFileType = text.plist.xml; path = Info.plist; sourceTree = "<group>"; };
		BA8F751619CAF88500A08EB3 /* AppDelegate.swift */ = {isa = PBXFileReference; lastKnownFileType = sourcecode.swift; path = AppDelegate.swift; sourceTree = "<group>"; };
		BA8F751B19CAF88500A08EB3 /* Base */ = {isa = PBXFileReference; lastKnownFileType = file.storyboard; name = Base; path = Base.lproj/Main.storyboard; sourceTree = "<group>"; };
		BA8F751D19CAF88500A08EB3 /* Images.xcassets */ = {isa = PBXFileReference; lastKnownFileType = folder.assetcatalog; path = Images.xcassets; sourceTree = "<group>"; };
		BA8F752019CAF88500A08EB3 /* Base */ = {isa = PBXFileReference; lastKnownFileType = file.xib; name = Base; path = Base.lproj/LaunchScreen.xib; sourceTree = "<group>"; };
		BA8F752619CAF88500A08EB3 /* YelpTests.xctest */ = {isa = PBXFileReference; explicitFileType = wrapper.cfbundle; includeInIndex = 0; path = YelpTests.xctest; sourceTree = BUILT_PRODUCTS_DIR; };
		BA8F752B19CAF88500A08EB3 /* Info.plist */ = {isa = PBXFileReference; lastKnownFileType = text.plist.xml; path = Info.plist; sourceTree = "<group>"; };
		BA8F752C19CAF88500A08EB3 /* YelpTests.swift */ = {isa = PBXFileReference; lastKnownFileType = sourcecode.swift; path = YelpTests.swift; sourceTree = "<group>"; };
		BA8F753619CAF9E800A08EB3 /* YelpViewController.swift */ = {isa = PBXFileReference; fileEncoding = 4; lastKnownFileType = sourcecode.swift; path = YelpViewController.swift; sourceTree = "<group>"; };
		BA8F753819CAFA1C00A08EB3 /* RestaurantTableViewCell.swift */ = {isa = PBXFileReference; fileEncoding = 4; lastKnownFileType = sourcecode.swift; path = RestaurantTableViewCell.swift; sourceTree = "<group>"; };
		BA8F753A19CB140A00A08EB3 /* YelpClient.h */ = {isa = PBXFileReference; fileEncoding = 4; lastKnownFileType = sourcecode.c.h; path = YelpClient.h; sourceTree = "<group>"; };
		BA8F753B19CB147300A08EB3 /* Yelp-Bridging-Header.h */ = {isa = PBXFileReference; lastKnownFileType = sourcecode.c.h; path = "Yelp-Bridging-Header.h"; sourceTree = "<group>"; };
		BA9B3B7419CB208E00026ABE /* YelpClient.m */ = {isa = PBXFileReference; fileEncoding = 4; lastKnownFileType = sourcecode.c.objc; path = YelpClient.m; sourceTree = "<group>"; };
		EEAB4D3A3CD2468087F5E350 /* Pods.xcconfig */ = {isa = PBXFileReference; includeInIndex = 1; lastKnownFileType = text.xcconfig; name = Pods.xcconfig; path = Pods/Pods.xcconfig; sourceTree = "<group>"; };
/* End PBXFileReference section */

/* Begin PBXFrameworksBuildPhase section */
		BA8F750E19CAF88400A08EB3 /* Frameworks */ = {
			isa = PBXFrameworksBuildPhase;
			buildActionMask = 2147483647;
			files = (
				809B2A90F772400D965C235D /* libPods.a in Frameworks */,
			);
			runOnlyForDeploymentPostprocessing = 0;
		};
		BA8F752319CAF88500A08EB3 /* Frameworks */ = {
			isa = PBXFrameworksBuildPhase;
			buildActionMask = 2147483647;
			files = (
			);
			runOnlyForDeploymentPostprocessing = 0;
		};
/* End PBXFrameworksBuildPhase section */

/* Begin PBXGroup section */
		03D150A0DB5C49C3892A3878 /* Frameworks */ = {
			isa = PBXGroup;
			children = (
				4AD944E24895463E81F67C26 /* libPods.a */,
			);
			name = Frameworks;
			sourceTree = "<group>";
		};
		BA8F750819CAF88400A08EB3 = {
			isa = PBXGroup;
			children = (
				BA8F751319CAF88500A08EB3 /* Yelp */,
				BA8F752919CAF88500A08EB3 /* YelpTests */,
				BA8F751219CAF88500A08EB3 /* Products */,
				EEAB4D3A3CD2468087F5E350 /* Pods.xcconfig */,
				03D150A0DB5C49C3892A3878 /* Frameworks */,
			);
			sourceTree = "<group>";
		};
		BA8F751219CAF88500A08EB3 /* Products */ = {
			isa = PBXGroup;
			children = (
				BA8F751119CAF88500A08EB3 /* Yelp.app */,
				BA8F752619CAF88500A08EB3 /* YelpTests.xctest */,
			);
			name = Products;
			sourceTree = "<group>";
		};
		BA8F751319CAF88500A08EB3 /* Yelp */ = {
			isa = PBXGroup;
			children = (
				BA9B3B7419CB208E00026ABE /* YelpClient.m */,
				BA8F753A19CB140A00A08EB3 /* YelpClient.h */,
				BA8F751619CAF88500A08EB3 /* AppDelegate.swift */,
				BA8F751A19CAF88500A08EB3 /* Main.storyboard */,
				BA8F751D19CAF88500A08EB3 /* Images.xcassets */,
				BA8F751F19CAF88500A08EB3 /* LaunchScreen.xib */,
				BA8F751419CAF88500A08EB3 /* Supporting Files */,
				BA8F753619CAF9E800A08EB3 /* YelpViewController.swift */,
				BA8F753819CAFA1C00A08EB3 /* RestaurantTableViewCell.swift */,
				BA8F753B19CB147300A08EB3 /* Yelp-Bridging-Header.h */,
			);
			path = Yelp;
			sourceTree = "<group>";
		};
		BA8F751419CAF88500A08EB3 /* Supporting Files */ = {
			isa = PBXGroup;
			children = (
				BA8F751519CAF88500A08EB3 /* Info.plist */,
			);
			name = "Supporting Files";
			sourceTree = "<group>";
		};
		BA8F752919CAF88500A08EB3 /* YelpTests */ = {
			isa = PBXGroup;
			children = (
				BA8F752C19CAF88500A08EB3 /* YelpTests.swift */,
				BA8F752A19CAF88500A08EB3 /* Supporting Files */,
			);
			path = YelpTests;
			sourceTree = "<group>";
		};
		BA8F752A19CAF88500A08EB3 /* Supporting Files */ = {
			isa = PBXGroup;
			children = (
				BA8F752B19CAF88500A08EB3 /* Info.plist */,
			);
			name = "Supporting Files";
			sourceTree = "<group>";
		};
/* End PBXGroup section */

/* Begin PBXNativeTarget section */
		BA8F751019CAF88400A08EB3 /* Yelp */ = {
			isa = PBXNativeTarget;
			buildConfigurationList = BA8F753019CAF88500A08EB3 /* Build configuration list for PBXNativeTarget "Yelp" */;
			buildPhases = (
				35D7077C8E69405EB27DD6D2 /* Check Pods Manifest.lock */,
				BA8F750D19CAF88400A08EB3 /* Sources */,
				BA8F750E19CAF88400A08EB3 /* Frameworks */,
				BA8F750F19CAF88400A08EB3 /* Resources */,
				A1D8C9A9A45B4AEEB35C637D /* Copy Pods Resources */,
			);
			buildRules = (
			);
			dependencies = (
			);
			name = Yelp;
			productName = Yelp;
			productReference = BA8F751119CAF88500A08EB3 /* Yelp.app */;
			productType = "com.apple.product-type.application";
		};
		BA8F752519CAF88500A08EB3 /* YelpTests */ = {
			isa = PBXNativeTarget;
			buildConfigurationList = BA8F753319CAF88500A08EB3 /* Build configuration list for PBXNativeTarget "YelpTests" */;
			buildPhases = (
				BA8F752219CAF88500A08EB3 /* Sources */,
				BA8F752319CAF88500A08EB3 /* Frameworks */,
				BA8F752419CAF88500A08EB3 /* Resources */,
			);
			buildRules = (
			);
			dependencies = (
				BA8F752819CAF88500A08EB3 /* PBXTargetDependency */,
			);
			name = YelpTests;
			productName = YelpTests;
			productReference = BA8F752619CAF88500A08EB3 /* YelpTests.xctest */;
			productType = "com.apple.product-type.bundle.unit-test";
		};
/* End PBXNativeTarget section */

/* Begin PBXProject section */
		BA8F750919CAF88400A08EB3 /* Project object */ = {
			isa = PBXProject;
			attributes = {
				LastUpgradeCheck = 0600;
				ORGANIZATIONNAME = isai;
				TargetAttributes = {
					BA8F751019CAF88400A08EB3 = {
						CreatedOnToolsVersion = 6.0;
					};
					BA8F752519CAF88500A08EB3 = {
						CreatedOnToolsVersion = 6.0;
						TestTargetID = BA8F751019CAF88400A08EB3;
					};
				};
			};
			buildConfigurationList = BA8F750C19CAF88400A08EB3 /* Build configuration list for PBXProject "Yelp" */;
			compatibilityVersion = "Xcode 3.2";
			developmentRegion = English;
			hasScannedForEncodings = 0;
			knownRegions = (
				en,
				Base,
			);
			mainGroup = BA8F750819CAF88400A08EB3;
			productRefGroup = BA8F751219CAF88500A08EB3 /* Products */;
			projectDirPath = "";
			projectRoot = "";
			targets = (
				BA8F751019CAF88400A08EB3 /* Yelp */,
				BA8F752519CAF88500A08EB3 /* YelpTests */,
			);
		};
/* End PBXProject section */

/* Begin PBXResourcesBuildPhase section */
		BA8F750F19CAF88400A08EB3 /* Resources */ = {
			isa = PBXResourcesBuildPhase;
			buildActionMask = 2147483647;
			files = (
				BA8F751C19CAF88500A08EB3 /* Main.storyboard in Resources */,
				BA8F752119CAF88500A08EB3 /* LaunchScreen.xib in Resources */,
				BA8F751E19CAF88500A08EB3 /* Images.xcassets in Resources */,
			);
			runOnlyForDeploymentPostprocessing = 0;
		};
		BA8F752419CAF88500A08EB3 /* Resources */ = {
			isa = PBXResourcesBuildPhase;
			buildActionMask = 2147483647;
			files = (
			);
			runOnlyForDeploymentPostprocessing = 0;
		};
/* End PBXResourcesBuildPhase section */

/* Begin PBXShellScriptBuildPhase section */
		35D7077C8E69405EB27DD6D2 /* Check Pods Manifest.lock */ = {
			isa = PBXShellScriptBuildPhase;
			buildActionMask = 2147483647;
			files = (
			);
			inputPaths = (
			);
			name = "Check Pods Manifest.lock";
			outputPaths = (
			);
			runOnlyForDeploymentPostprocessing = 0;
			shellPath = /bin/sh;
			shellScript = "diff \"${PODS_ROOT}/../Podfile.lock\" \"${PODS_ROOT}/Manifest.lock\" > /dev/null\nif [[ $? != 0 ]] ; then\n    cat << EOM\nerror: The sandbox is not in sync with the Podfile.lock. Run 'pod install' or update your CocoaPods installation.\nEOM\n    exit 1\nfi\n";
			showEnvVarsInLog = 0;
		};
		A1D8C9A9A45B4AEEB35C637D /* Copy Pods Resources */ = {
			isa = PBXShellScriptBuildPhase;
			buildActionMask = 2147483647;
			files = (
			);
			inputPaths = (
			);
			name = "Copy Pods Resources";
			outputPaths = (
			);
			runOnlyForDeploymentPostprocessing = 0;
			shellPath = /bin/sh;
			shellScript = "\"${SRCROOT}/Pods/Pods-resources.sh\"\n";
			showEnvVarsInLog = 0;
		};
/* End PBXShellScriptBuildPhase section */

/* Begin PBXSourcesBuildPhase section */
		BA8F750D19CAF88400A08EB3 /* Sources */ = {
			isa = PBXSourcesBuildPhase;
			buildActionMask = 2147483647;
			files = (
				BA9B3B7519CB208E00026ABE /* YelpClient.m in Sources */,
				BA8F753719CAF9E800A08EB3 /* YelpViewController.swift in Sources */,
				BA8F753919CAFA1C00A08EB3 /* RestaurantTableViewCell.swift in Sources */,
				BA8F751719CAF88500A08EB3 /* AppDelegate.swift in Sources */,
			);
			runOnlyForDeploymentPostprocessing = 0;
		};
		BA8F752219CAF88500A08EB3 /* Sources */ = {
			isa = PBXSourcesBuildPhase;
			buildActionMask = 2147483647;
			files = (
				BA8F752D19CAF88500A08EB3 /* YelpTests.swift in Sources */,
			);
			runOnlyForDeploymentPostprocessing = 0;
		};
/* End PBXSourcesBuildPhase section */

/* Begin PBXTargetDependency section */
		BA8F752819CAF88500A08EB3 /* PBXTargetDependency */ = {
			isa = PBXTargetDependency;
			target = BA8F751019CAF88400A08EB3 /* Yelp */;
			targetProxy = BA8F752719CAF88500A08EB3 /* PBXContainerItemProxy */;
		};
/* End PBXTargetDependency section */

/* Begin PBXVariantGroup section */
		BA8F751A19CAF88500A08EB3 /* Main.storyboard */ = {
			isa = PBXVariantGroup;
			children = (
				BA8F751B19CAF88500A08EB3 /* Base */,
			);
			name = Main.storyboard;
			sourceTree = "<group>";
		};
		BA8F751F19CAF88500A08EB3 /* LaunchScreen.xib */ = {
			isa = PBXVariantGroup;
			children = (
				BA8F752019CAF88500A08EB3 /* Base */,
			);
			name = LaunchScreen.xib;
			sourceTree = "<group>";
		};
/* End PBXVariantGroup section */

/* Begin XCBuildConfiguration section */
		BA8F752E19CAF88500A08EB3 /* Debug */ = {
			isa = XCBuildConfiguration;
			buildSettings = {
				ALWAYS_SEARCH_USER_PATHS = NO;
				CLANG_CXX_LANGUAGE_STANDARD = "gnu++0x";
				CLANG_CXX_LIBRARY = "libc++";
				CLANG_ENABLE_MODULES = YES;
				CLANG_ENABLE_OBJC_ARC = YES;
				CLANG_WARN_BOOL_CONVERSION = YES;
				CLANG_WARN_CONSTANT_CONVERSION = YES;
				CLANG_WARN_DIRECT_OBJC_ISA_USAGE = YES_ERROR;
				CLANG_WARN_EMPTY_BODY = YES;
				CLANG_WARN_ENUM_CONVERSION = YES;
				CLANG_WARN_INT_CONVERSION = YES;
				CLANG_WARN_OBJC_ROOT_CLASS = YES_ERROR;
				CLANG_WARN_UNREACHABLE_CODE = YES;
				CLANG_WARN__DUPLICATE_METHOD_MATCH = YES;
				"CODE_SIGN_IDENTITY[sdk=iphoneos*]" = "iPhone Developer";
				COPY_PHASE_STRIP = NO;
				ENABLE_STRICT_OBJC_MSGSEND = YES;
				GCC_C_LANGUAGE_STANDARD = gnu99;
				GCC_DYNAMIC_NO_PIC = NO;
				GCC_OPTIMIZATION_LEVEL = 0;
				GCC_PREPROCESSOR_DEFINITIONS = (
					"DEBUG=1",
					"$(inherited)",
				);
				GCC_SYMBOLS_PRIVATE_EXTERN = NO;
				GCC_WARN_64_TO_32_BIT_CONVERSION = YES;
				GCC_WARN_ABOUT_RETURN_TYPE = YES_ERROR;
				GCC_WARN_UNDECLARED_SELECTOR = YES;
				GCC_WARN_UNINITIALIZED_AUTOS = YES_AGGRESSIVE;
				GCC_WARN_UNUSED_FUNCTION = YES;
				GCC_WARN_UNUSED_VARIABLE = YES;
				IPHONEOS_DEPLOYMENT_TARGET = 8.0;
				MTL_ENABLE_DEBUG_INFO = YES;
				ONLY_ACTIVE_ARCH = YES;
				SDKROOT = iphoneos;
				SWIFT_OPTIMIZATION_LEVEL = "-Onone";
			};
			name = Debug;
		};
		BA8F752F19CAF88500A08EB3 /* Release */ = {
			isa = XCBuildConfiguration;
			buildSettings = {
				ALWAYS_SEARCH_USER_PATHS = NO;
				CLANG_CXX_LANGUAGE_STANDARD = "gnu++0x";
				CLANG_CXX_LIBRARY = "libc++";
				CLANG_ENABLE_MODULES = YES;
				CLANG_ENABLE_OBJC_ARC = YES;
				CLANG_WARN_BOOL_CONVERSION = YES;
				CLANG_WARN_CONSTANT_CONVERSION = YES;
				CLANG_WARN_DIRECT_OBJC_ISA_USAGE = YES_ERROR;
				CLANG_WARN_EMPTY_BODY = YES;
				CLANG_WARN_ENUM_CONVERSION = YES;
				CLANG_WARN_INT_CONVERSION = YES;
				CLANG_WARN_OBJC_ROOT_CLASS = YES_ERROR;
				CLANG_WARN_UNREACHABLE_CODE = YES;
				CLANG_WARN__DUPLICATE_METHOD_MATCH = YES;
				"CODE_SIGN_IDENTITY[sdk=iphoneos*]" = "iPhone Developer";
				COPY_PHASE_STRIP = YES;
				ENABLE_NS_ASSERTIONS = NO;
				ENABLE_STRICT_OBJC_MSGSEND = YES;
				GCC_C_LANGUAGE_STANDARD = gnu99;
				GCC_WARN_64_TO_32_BIT_CONVERSION = YES;
				GCC_WARN_ABOUT_RETURN_TYPE = YES_ERROR;
				GCC_WARN_UNDECLARED_SELECTOR = YES;
				GCC_WARN_UNINITIALIZED_AUTOS = YES_AGGRESSIVE;
				GCC_WARN_UNUSED_FUNCTION = YES;
				GCC_WARN_UNUSED_VARIABLE = YES;
				IPHONEOS_DEPLOYMENT_TARGET = 8.0;
				MTL_ENABLE_DEBUG_INFO = NO;
				SDKROOT = iphoneos;
				VALIDATE_PRODUCT = YES;
			};
			name = Release;
		};
		BA8F753119CAF88500A08EB3 /* Debug */ = {
			isa = XCBuildConfiguration;
			baseConfigurationReference = EEAB4D3A3CD2468087F5E350 /* Pods.xcconfig */;
			buildSettings = {
				ASSETCATALOG_COMPILER_APPICON_NAME = AppIcon;
				CLANG_ENABLE_MODULES = YES;
				INFOPLIST_FILE = Yelp/Info.plist;
				LD_RUNPATH_SEARCH_PATHS = "$(inherited) @executable_path/Frameworks";
				PRODUCT_NAME = "$(TARGET_NAME)";
				SWIFT_OBJC_BRIDGING_HEADER = "Yelp/Yelp-Bridging-Header.h";
				SWIFT_OPTIMIZATION_LEVEL = "-Onone";
			};
			name = Debug;
		};
		BA8F753219CAF88500A08EB3 /* Release */ = {
			isa = XCBuildConfiguration;
			baseConfigurationReference = EEAB4D3A3CD2468087F5E350 /* Pods.xcconfig */;
			buildSettings = {
				ASSETCATALOG_COMPILER_APPICON_NAME = AppIcon;
				CLANG_ENABLE_MODULES = YES;
				INFOPLIST_FILE = Yelp/Info.plist;
				LD_RUNPATH_SEARCH_PATHS = "$(inherited) @executable_path/Frameworks";
				PRODUCT_NAME = "$(TARGET_NAME)";
				SWIFT_OBJC_BRIDGING_HEADER = "Yelp/Yelp-Bridging-Header.h";
			};
			name = Release;
		};
		BA8F753419CAF88500A08EB3 /* Debug */ = {
			isa = XCBuildConfiguration;
			buildSettings = {
				BUNDLE_LOADER = "$(TEST_HOST)";
				FRAMEWORK_SEARCH_PATHS = (
					"$(SDKROOT)/Developer/Library/Frameworks",
					"$(inherited)",
				);
				GCC_PREPROCESSOR_DEFINITIONS = (
					"DEBUG=1",
					"$(inherited)",
				);
				INFOPLIST_FILE = YelpTests/Info.plist;
				LD_RUNPATH_SEARCH_PATHS = "$(inherited) @executable_path/Frameworks @loader_path/Frameworks";
				PRODUCT_NAME = "$(TARGET_NAME)";
				TEST_HOST = "$(BUILT_PRODUCTS_DIR)/Yelp.app/Yelp";
			};
			name = Debug;
		};
		BA8F753519CAF88500A08EB3 /* Release */ = {
			isa = XCBuildConfiguration;
			buildSettings = {
				BUNDLE_LOADER = "$(TEST_HOST)";
				FRAMEWORK_SEARCH_PATHS = (
					"$(SDKROOT)/Developer/Library/Frameworks",
					"$(inherited)",
				);
				INFOPLIST_FILE = YelpTests/Info.plist;
				LD_RUNPATH_SEARCH_PATHS = "$(inherited) @executable_path/Frameworks @loader_path/Frameworks";
				PRODUCT_NAME = "$(TARGET_NAME)";
				TEST_HOST = "$(BUILT_PRODUCTS_DIR)/Yelp.app/Yelp";
			};
			name = Release;
		};
/* End XCBuildConfiguration section */

/* Begin XCConfigurationList section */
		BA8F750C19CAF88400A08EB3 /* Build configuration list for PBXProject "Yelp" */ = {
			isa = XCConfigurationList;
			buildConfigurations = (
				BA8F752E19CAF88500A08EB3 /* Debug */,
				BA8F752F19CAF88500A08EB3 /* Release */,
			);
			defaultConfigurationIsVisible = 0;
			defaultConfigurationName = Release;
		};
		BA8F753019CAF88500A08EB3 /* Build configuration list for PBXNativeTarget "Yelp" */ = {
			isa = XCConfigurationList;
			buildConfigurations = (
				BA8F753119CAF88500A08EB3 /* Debug */,
				BA8F753219CAF88500A08EB3 /* Release */,
			);
			defaultConfigurationIsVisible = 0;
			defaultConfigurationName = Release;
		};
		BA8F753319CAF88500A08EB3 /* Build configuration list for PBXNativeTarget "YelpTests" */ = {
			isa = XCConfigurationList;
			buildConfigurations = (
				BA8F753419CAF88500A08EB3 /* Debug */,
				BA8F753519CAF88500A08EB3 /* Release */,
			);
			defaultConfigurationIsVisible = 0;
			defaultConfigurationName = Release;
		};
/* End XCConfigurationList section */
	};
	rootObject = BA8F750919CAF88400A08EB3 /* Project object */;
}
